// !$*UTF8*$!
{
	archiveVersion = 1;
	classes = {
	};
	objectVersion = 46;
	objects = {

/* Begin PBXBuildFile section */
		883CF3221E243481001AE7C0 /* main.m in Sources */ = {isa = PBXBuildFile; fileRef = 883CF3211E243481001AE7C0 /* main.m */; };
		883CF3251E243481001AE7C0 /* AppDelegate.m in Sources */ = {isa = PBXBuildFile; fileRef = 883CF3241E243481001AE7C0 /* AppDelegate.m */; };
		883CF3281E243481001AE7C0 /* TippeViewController.m in Sources */ = {isa = PBXBuildFile; fileRef = 883CF3271E243481001AE7C0 /* TippeViewController.m */; };
		883CF32B1E243481001AE7C0 /* Main.storyboard in Resources */ = {isa = PBXBuildFile; fileRef = 883CF3291E243481001AE7C0 /* Main.storyboard */; };
		883CF32D1E243481001AE7C0 /* Assets.xcassets in Resources */ = {isa = PBXBuildFile; fileRef = 883CF32C1E243481001AE7C0 /* Assets.xcassets */; };
		883CF3301E243481001AE7C0 /* LaunchScreen.storyboard in Resources */ = {isa = PBXBuildFile; fileRef = 883CF32E1E243481001AE7C0 /* LaunchScreen.storyboard */; };
		883CF3391E254856001AE7C0 /* SettingsViewController.m in Sources */ = {isa = PBXBuildFile; fileRef = 883CF3381E254856001AE7C0 /* SettingsViewController.m */; };
/* End PBXBuildFile section */

/* Begin PBXFileReference section */
		883CF31D1E243481001AE7C0 /* TipCalculator.app */ = {isa = PBXFileReference; explicitFileType = wrapper.application; includeInIndex = 0; path = TipCalculator.app; sourceTree = BUILT_PRODUCTS_DIR; };
		883CF3211E243481001AE7C0 /* main.m */ = {isa = PBXFileReference; lastKnownFileType = sourcecode.c.objc; path = main.m; sourceTree = "<group>"; };
		883CF3231E243481001AE7C0 /* AppDelegate.h */ = {isa = PBXFileReference; lastKnownFileType = sourcecode.c.h; path = AppDelegate.h; sourceTree = "<group>"; };
		883CF3241E243481001AE7C0 /* AppDelegate.m */ = {isa = PBXFileReference; lastKnownFileType = sourcecode.c.objc; path = AppDelegate.m; sourceTree = "<group>"; };
		883CF3261E243481001AE7C0 /* TippeViewController.h */ = {isa = PBXFileReference; lastKnownFileType = sourcecode.c.h; path = TippeViewController.h; sourceTree = "<group>"; };
		883CF3271E243481001AE7C0 /* TippeViewController.m */ = {isa = PBXFileReference; lastKnownFileType = sourcecode.c.objc; path = TippeViewController.m; sourceTree = "<group>"; };
		883CF32A1E243481001AE7C0 /* Base */ = {isa = PBXFileReference; lastKnownFileType = file.storyboard; name = Base; path = Base.lproj/Main.storyboard; sourceTree = "<group>"; };
		883CF32C1E243481001AE7C0 /* Assets.xcassets */ = {isa = PBXFileReference; lastKnownFileType = folder.assetcatalog; path = Assets.xcassets; sourceTree = "<group>"; };
		883CF32F1E243481001AE7C0 /* Base */ = {isa = PBXFileReference; lastKnownFileType = file.storyboard; name = Base; path = Base.lproj/LaunchScreen.storyboard; sourceTree = "<group>"; };
		883CF3311E243481001AE7C0 /* Info.plist */ = {isa = PBXFileReference; lastKnownFileType = text.plist.xml; path = Info.plist; sourceTree = "<group>"; };
		883CF3371E254856001AE7C0 /* SettingsViewController.h */ = {isa = PBXFileReference; fileEncoding = 4; lastKnownFileType = sourcecode.c.h; name = SettingsViewController.h; path = ../SettingsViewController.h; sourceTree = "<group>"; };
		883CF3381E254856001AE7C0 /* SettingsViewController.m */ = {isa = PBXFileReference; fileEncoding = 4; lastKnownFileType = sourcecode.c.objc; name = SettingsViewController.m; path = ../SettingsViewController.m; sourceTree = "<group>"; };
/* End PBXFileReference section */

/* Begin PBXFrameworksBuildPhase section */
		883CF31A1E243481001AE7C0 /* Frameworks */ = {
			isa = PBXFrameworksBuildPhase;
			buildActionMask = 2147483647;
			files = (
			);
			runOnlyForDeploymentPostprocessing = 0;
		};
/* End PBXFrameworksBuildPhase section */

/* Begin PBXGroup section */
		883CF3141E243481001AE7C0 = {
			isa = PBXGroup;
			children = (
				883CF31F1E243481001AE7C0 /* TipCalculator */,
				883CF31E1E243481001AE7C0 /* Products */,
			);
			sourceTree = "<group>";
		};
		883CF31E1E243481001AE7C0 /* Products */ = {
			isa = PBXGroup;
			children = (
				883CF31D1E243481001AE7C0 /* TipCalculator.app */,
			);
			name = Products;
			sourceTree = "<group>";
		};
		883CF31F1E243481001AE7C0 /* TipCalculator */ = {
			isa = PBXGroup;
			children = (
				883CF3371E254856001AE7C0 /* SettingsViewController.h */,
				883CF3381E254856001AE7C0 /* SettingsViewController.m */,
				883CF3231E243481001AE7C0 /* AppDelegate.h */,
				883CF3241E243481001AE7C0 /* AppDelegate.m */,
				883CF3261E243481001AE7C0 /* TippeViewController.h */,
				883CF3271E243481001AE7C0 /* TippeViewController.m */,
				883CF3291E243481001AE7C0 /* Main.storyboard */,
				883CF32C1E243481001AE7C0 /* Assets.xcassets */,
				883CF32E1E243481001AE7C0 /* LaunchScreen.storyboard */,
				883CF3311E243481001AE7C0 /* Info.plist */,
				883CF3201E243481001AE7C0 /* Supporting Files */,
			);
			path = TipCalculator;
			sourceTree = "<group>";
		};
		883CF3201E243481001AE7C0 /* Supporting Files */ = {
			isa = PBXGroup;
			children = (
				883CF3211E243481001AE7C0 /* main.m */,
			);
			name = "Supporting Files";
			sourceTree = "<group>";
		};
/* End PBXGroup section */

/* Begin PBXNativeTarget section */
		883CF31C1E243481001AE7C0 /* TipCalculator */ = {
			isa = PBXNativeTarget;
			buildConfigurationList = 883CF3341E243481001AE7C0 /* Build configuration list for PBXNativeTarget "TipCalculator" */;
			buildPhases = (
				883CF3191E243481001AE7C0 /* Sources */,
				883CF31A1E243481001AE7C0 /* Frameworks */,
				883CF31B1E243481001AE7C0 /* Resources */,
			);
			buildRules = (
			);
			dependencies = (
			);
			name = TipCalculator;
			productName = TipCalculator;
			productReference = 883CF31D1E243481001AE7C0 /* TipCalculator.app */;
			productType = "com.apple.product-type.application";
		};
/* End PBXNativeTarget section */

/* Begin PBXProject section */
		883CF3151E243481001AE7C0 /* Project object */ = {
			isa = PBXProject;
			attributes = {
				LastUpgradeCheck = 0820;
				ORGANIZATIONNAME = "Jeffrey Okamoto";
				TargetAttributes = {
					883CF31C1E243481001AE7C0 = {
						CreatedOnToolsVersion = 8.2.1;
						ProvisioningStyle = Automatic;
					};
				};
			};
			buildConfigurationList = 883CF3181E243481001AE7C0 /* Build configuration list for PBXProject "TipCalculator" */;
			compatibilityVersion = "Xcode 3.2";
			developmentRegion = English;
			hasScannedForEncodings = 0;
			knownRegions = (
				en,
				Base,
			);
			mainGroup = 883CF3141E243481001AE7C0;
			productRefGroup = 883CF31E1E243481001AE7C0 /* Products */;
			projectDirPath = "";
			projectRoot = "";
			targets = (
				883CF31C1E243481001AE7C0 /* TipCalculator */,
			);
		};
/* End PBXProject section */

/* Begin PBXResourcesBuildPhase section */
		883CF31B1E243481001AE7C0 /* Resources */ = {
			isa = PBXResourcesBuildPhase;
			buildActionMask = 2147483647;
			files = (
				883CF3301E243481001AE7C0 /* LaunchScreen.storyboard in Resources */,
				883CF32D1E243481001AE7C0 /* Assets.xcassets in Resources */,
				883CF32B1E243481001AE7C0 /* Main.storyboard in Resources */,
			);
			runOnlyForDeploymentPostprocessing = 0;
		};
/* End PBXResourcesBuildPhase section */

/* Begin PBXSourcesBuildPhase section */
		883CF3191E243481001AE7C0 /* Sources */ = {
			isa = PBXSourcesBuildPhase;
			buildActionMask = 2147483647;
			files = (
				883CF3281E243481001AE7C0 /* TippeViewController.m in Sources */,
				883CF3251E243481001AE7C0 /* AppDelegate.m in Sources */,
				883CF3221E243481001AE7C0 /* main.m in Sources */,
				883CF3391E254856001AE7C0 /* SettingsViewController.m in Sources */,
			);
			runOnlyForDeploymentPostprocessing = 0;
		};
/* End PBXSourcesBuildPhase section */

/* Begin PBXVariantGroup section */
		883CF3291E243481001AE7C0 /* Main.storyboard */ = {
			isa = PBXVariantGroup;
			children = (
				883CF32A1E243481001AE7C0 /* Base */,
			);
			name = Main.storyboard;
			sourceTree = "<group>";
		};
		883CF32E1E243481001AE7C0 /* LaunchScreen.storyboard */ = {
			isa = PBXVariantGroup;
			children = (
				883CF32F1E243481001AE7C0 /* Base */,
			);
			name = LaunchScreen.storyboard;
			sourceTree = "<group>";
		};
/* End PBXVariantGroup section */

/* Begin XCBuildConfiguration section */
		883CF3321E243481001AE7C0 /* Debug */ = {
			isa = XCBuildConfiguration;
			buildSettings = {
				ALWAYS_SEARCH_USER_PATHS = NO;
				CLANG_ANALYZER_NONNULL = YES;
				CLANG_CXX_LANGUAGE_STANDARD = "gnu++0x";
				CLANG_CXX_LIBRARY = "libc++";
				CLANG_ENABLE_MODULES = YES;
				CLANG_ENABLE_OBJC_ARC = YES;
				CLANG_WARN_BOOL_CONVERSION = YES;
				CLANG_WARN_CONSTANT_CONVERSION = YES;
				CLANG_WARN_DIRECT_OBJC_ISA_USAGE = YES_ERROR;
				CLANG_WARN_DOCUMENTATION_COMMENTS = YES;
				CLANG_WARN_EMPTY_BODY = YES;
				CLANG_WARN_ENUM_CONVERSION = YES;
				CLANG_WARN_INFINITE_RECURSION = YES;
				CLANG_WARN_INT_CONVERSION = YES;
				CLANG_WARN_OBJC_ROOT_CLASS = YES_ERROR;
				CLANG_WARN_SUSPICIOUS_MOVE = YES;
				CLANG_WARN_UNREACHABLE_CODE = YES;
				CLANG_WARN__DUPLICATE_METHOD_MATCH = YES;
				"CODE_SIGN_IDENTITY[sdk=iphoneos*]" = "iPhone Developer";
				COPY_PHASE_STRIP = NO;
				DEBUG_INFORMATION_FORMAT = dwarf;
				ENABLE_STRICT_OBJC_MSGSEND = YES;
				ENABLE_TESTABILITY = YES;
				GCC_C_LANGUAGE_STANDARD = gnu99;
				GCC_DYNAMIC_NO_PIC = NO;
				GCC_NO_COMMON_BLOCKS = YES;
				GCC_OPTIMIZATION_LEVEL = 0;
				GCC_PREPROCESSOR_DEFINITIONS = (
					"DEBUG=1",
					"$(inherited)",
				);
				GCC_WARN_64_TO_32_BIT_CONVERSION = YES;
				GCC_WARN_ABOUT_RETURN_TYPE = YES_ERROR;
				GCC_WARN_UNDECLARED_SELECTOR = YES;
				GCC_WARN_UNINITIALIZED_AUTOS = YES_AGGRESSIVE;
				GCC_WARN_UNUSED_FUNCTION = YES;
				GCC_WARN_UNUSED_VARIABLE = YES;
				IPHONEOS_DEPLOYMENT_TARGET = 10.2;
				MTL_ENABLE_DEBUG_INFO = YES;
				ONLY_ACTIVE_ARCH = YES;
				SDKROOT = iphoneos;
				TARGETED_DEVICE_FAMILY = "1,2";
			};
			name = Debug;
		};
		883CF3331E243481001AE7C0 /* Release */ = {
			isa = XCBuildConfiguration;
			buildSettings = {
				ALWAYS_SEARCH_USER_PATHS = NO;
				CLANG_ANALYZER_NONNULL = YES;
				CLANG_CXX_LANGUAGE_STANDARD = "gnu++0x";
				CLANG_CXX_LIBRARY = "libc++";
				CLANG_ENABLE_MODULES = YES;
				CLANG_ENABLE_OBJC_ARC = YES;
				CLANG_WARN_BOOL_CONVERSION = YES;
				CLANG_WARN_CONSTANT_CONVERSION = YES;
				CLANG_WARN_DIRECT_OBJC_ISA_USAGE = YES_ERROR;
				CLANG_WARN_DOCUMENTATION_COMMENTS = YES;
				CLANG_WARN_EMPTY_BODY = YES;
				CLANG_WARN_ENUM_CONVERSION = YES;
				CLANG_WARN_INFINITE_RECURSION = YES;
				CLANG_WARN_INT_CONVERSION = YES;
				CLANG_WARN_OBJC_ROOT_CLASS = YES_ERROR;
				CLANG_WARN_SUSPICIOUS_MOVE = YES;
				CLANG_WARN_UNREACHABLE_CODE = YES;
				CLANG_WARN__DUPLICATE_METHOD_MATCH = YES;
				"CODE_SIGN_IDENTITY[sdk=iphoneos*]" = "iPhone Developer";
				COPY_PHASE_STRIP = NO;
				DEBUG_INFORMATION_FORMAT = "dwarf-with-dsym";
				ENABLE_NS_ASSERTIONS = NO;
				ENABLE_STRICT_OBJC_MSGSEND = YES;
				GCC_C_LANGUAGE_STANDARD = gnu99;
				GCC_NO_COMMON_BLOCKS = YES;
				GCC_WARN_64_TO_32_BIT_CONVERSION = YES;
				GCC_WARN_ABOUT_RETURN_TYPE = YES_ERROR;
				GCC_WARN_UNDECLARED_SELECTOR = YES;
				GCC_WARN_UNINITIALIZED_AUTOS = YES_AGGRESSIVE;
				GCC_WARN_UNUSED_FUNCTION = YES;
				GCC_WARN_UNUSED_VARIABLE = YES;
				IPHONEOS_DEPLOYMENT_TARGET = 10.2;
				MTL_ENABLE_DEBUG_INFO = NO;
				SDKROOT = iphoneos;
				TARGETED_DEVICE_FAMILY = "1,2";
				VALIDATE_PRODUCT = YES;
			};
			name = Release;
		};
		883CF3351E243481001AE7C0 /* Debug */ = {
			isa = XCBuildConfiguration;
			buildSettings = {
				ASSETCATALOG_COMPILER_APPICON_NAME = AppIcon;
				INFOPLIST_FILE = TipCalculator/Info.plist;
				LD_RUNPATH_SEARCH_PATHS = "$(inherited) @executable_path/Frameworks";
				PRODUCT_BUNDLE_IDENTIFIER = com.example.TipCalculator;
				PRODUCT_NAME = "$(TARGET_NAME)";
			};
			name = Debug;
		};
		883CF3361E243481001AE7C0 /* Release */ = {
			isa = XCBuildConfiguration;
			buildSettings = {
				ASSETCATALOG_COMPILER_APPICON_NAME = AppIcon;
				INFOPLIST_FILE = TipCalculator/Info.plist;
				LD_RUNPATH_SEARCH_PATHS = "$(inherited) @executable_path/Frameworks";
				PRODUCT_BUNDLE_IDENTIFIER = com.example.TipCalculator;
				PRODUCT_NAME = "$(TARGET_NAME)";
			};
			name = Release;
		};
/* End XCBuildConfiguration section */

/* Begin XCConfigurationList section */
		883CF3181E243481001AE7C0 /* Build configuration list for PBXProject "TipCalculator" */ = {
			isa = XCConfigurationList;
			buildConfigurations = (
				883CF3321E243481001AE7C0 /* Debug */,
				883CF3331E243481001AE7C0 /* Release */,
			);
			defaultConfigurationIsVisible = 0;
			defaultConfigurationName = Release;
		};
		883CF3341E243481001AE7C0 /* Build configuration list for PBXNativeTarget "TipCalculator" */ = {
			isa = XCConfigurationList;
			buildConfigurations = (
				883CF3351E243481001AE7C0 /* Debug */,
				883CF3361E243481001AE7C0 /* Release */,
			);
			defaultConfigurationIsVisible = 0;
		};
/* End XCConfigurationList section */
	};
	rootObject = 883CF3151E243481001AE7C0 /* Project object */;
}
